
Microsoft Visual Studio Solution File, Format Version 12.00
# Visual Studio Version 17
VisualStudioVersion = 17.2.32616.157
MinimumVisualStudioVersion = 10.0.40219.1
Project("{FAE04EC0-301F-11D3-BF4B-00C04F79EFBC}") = "FormLoja", "FormLoja\FormLoja.csproj", "{AD880EED-323D-49E5-B9DC-C313F8D5F6C6}"
EndProject
Global
	GlobalSection(SolutionConfigurationPlatforms) = preSolution
		Debug|Any CPU = Debug|Any CPU
		Release|Any CPU = Release|Any CPU
	EndGlobalSection
	GlobalSection(ProjectConfigurationPlatforms) = postSolution
		{AD880EED-323D-49E5-B9DC-C313F8D5F6C6}.Debug|Any CPU.ActiveCfg = Debug|Any CPU
		{AD880EED-323D-49E5-B9DC-C313F8D5F6C6}.Debug|Any CPU.Build.0 = Debug|Any CPU
		{AD880EED-323D-49E5-B9DC-C313F8D5F6C6}.Release|Any CPU.ActiveCfg = Release|Any CPU
		{AD880EED-323D-49E5-B9DC-C313F8D5F6C6}.Release|Any CPU.Build.0 = Release|Any CPU
	EndGlobalSection
	GlobalSection(SolutionProperties) = preSolution
		HideSolutionNode = FALSE
	EndGlobalSection
	GlobalSection(ExtensibilityGlobals) = postSolution
		SolutionGuid = {878C91ED-2812-43C1-89CE-EC83E89ADAA1}
	EndGlobalSection
EndGlobal
